
Microsoft Visual Studio Solution File, Format Version 12.00
# Visual Studio Version 17
VisualStudioVersion = 17.14.36203.30 d17.14
MinimumVisualStudioVersion = 10.0.40219.1
Project("{FAE04EC0-301F-11D3-BF4B-00C04F79EFBC}") = "Student", "Student.csproj", "{BEE0D94B-2F56-4481-8D39-66876BC1ECA4}"
EndProject
Global
	GlobalSection(SolutionConfigurationPlatforms) = preSolution
		Debug|Any CPU = Debug|Any CPU
		Release|Any CPU = Release|Any CPU
	EndGlobalSection
	GlobalSection(ProjectConfigurationPlatforms) = postSolution
		{BEE0D94B-2F56-4481-8D39-66876BC1ECA4}.Debug|Any CPU.ActiveCfg = Debug|Any CPU
		{BEE0D94B-2F56-4481-8D39-66876BC1ECA4}.Debug|Any CPU.Build.0 = Debug|Any CPU
		{BEE0D94B-2F56-4481-8D39-66876BC1ECA4}.Release|Any CPU.ActiveCfg = Release|Any CPU
		{BEE0D94B-2F56-4481-8D39-66876BC1ECA4}.Release|Any CPU.Build.0 = Release|Any CPU
	EndGlobalSection
	GlobalSection(SolutionProperties) = preSolution
		HideSolutionNode = FALSE
	EndGlobalSection
	GlobalSection(ExtensibilityGlobals) = postSolution
		SolutionGuid = {48EDD5C1-8D02-4041-8E40-DDB363F6BD02}
	EndGlobalSection
EndGlobal
