
Microsoft Visual Studio Solution File, Format Version 12.00
# Visual Studio Version 17
VisualStudioVersion = 17.14.36203.30 d17.14
MinimumVisualStudioVersion = 10.0.40219.1
Project("{FAE04EC0-301F-11D3-BF4B-00C04F79EFBC}") = "ShoppingCart", "ShoppingCart.csproj", "{F42FCFFB-573E-489D-860F-8F5B844ED40A}"
EndProject
Global
	GlobalSection(SolutionConfigurationPlatforms) = preSolution
		Debug|Any CPU = Debug|Any CPU
		Release|Any CPU = Release|Any CPU
	EndGlobalSection
	GlobalSection(ProjectConfigurationPlatforms) = postSolution
		{F42FCFFB-573E-489D-860F-8F5B844ED40A}.Debug|Any CPU.ActiveCfg = Debug|Any CPU
		{F42FCFFB-573E-489D-860F-8F5B844ED40A}.Debug|Any CPU.Build.0 = Debug|Any CPU
		{F42FCFFB-573E-489D-860F-8F5B844ED40A}.Release|Any CPU.ActiveCfg = Release|Any CPU
		{F42FCFFB-573E-489D-860F-8F5B844ED40A}.Release|Any CPU.Build.0 = Release|Any CPU
	EndGlobalSection
	GlobalSection(SolutionProperties) = preSolution
		HideSolutionNode = FALSE
	EndGlobalSection
	GlobalSection(ExtensibilityGlobals) = postSolution
		SolutionGuid = {E519607D-192E-497F-B2C6-89D87575F41A}
	EndGlobalSection
EndGlobal
