
Microsoft Visual Studio Solution File, Format Version 12.00
# Visual Studio Version 17
VisualStudioVersion = 17.14.36203.30 d17.14
MinimumVisualStudioVersion = 10.0.40219.1
Project("{FAE04EC0-301F-11D3-BF4B-00C04F79EFBC}") = "ClassesVsStructures", "ClassesVsStructures.csproj", "{6E0E4C36-C618-4544-8A2F-906371172B8F}"
EndProject
Global
	GlobalSection(SolutionConfigurationPlatforms) = preSolution
		Debug|Any CPU = Debug|Any CPU
		Release|Any CPU = Release|Any CPU
	EndGlobalSection
	GlobalSection(ProjectConfigurationPlatforms) = postSolution
		{6E0E4C36-C618-4544-8A2F-906371172B8F}.Debug|Any CPU.ActiveCfg = Debug|Any CPU
		{6E0E4C36-C618-4544-8A2F-906371172B8F}.Debug|Any CPU.Build.0 = Debug|Any CPU
		{6E0E4C36-C618-4544-8A2F-906371172B8F}.Release|Any CPU.ActiveCfg = Release|Any CPU
		{6E0E4C36-C618-4544-8A2F-906371172B8F}.Release|Any CPU.Build.0 = Release|Any CPU
	EndGlobalSection
	GlobalSection(SolutionProperties) = preSolution
		HideSolutionNode = FALSE
	EndGlobalSection
	GlobalSection(ExtensibilityGlobals) = postSolution
		SolutionGuid = {E482B5BC-D357-4917-8765-DB250B039531}
	EndGlobalSection
EndGlobal
