
Microsoft Visual Studio Solution File, Format Version 12.00
# Visual Studio Version 17
VisualStudioVersion = 17.14.36203.30 d17.14
MinimumVisualStudioVersion = 10.0.40219.1
Project("{FAE04EC0-301F-11D3-BF4B-00C04F79EFBC}") = "CRUDOnList", "CRUDOnList.csproj", "{A9C7E127-D1B0-45F6-9215-196636D3B3D7}"
EndProject
Global
	GlobalSection(SolutionConfigurationPlatforms) = preSolution
		Debug|Any CPU = Debug|Any CPU
		Release|Any CPU = Release|Any CPU
	EndGlobalSection
	GlobalSection(ProjectConfigurationPlatforms) = postSolution
		{A9C7E127-D1B0-45F6-9215-196636D3B3D7}.Debug|Any CPU.ActiveCfg = Debug|Any CPU
		{A9C7E127-D1B0-45F6-9215-196636D3B3D7}.Debug|Any CPU.Build.0 = Debug|Any CPU
		{A9C7E127-D1B0-45F6-9215-196636D3B3D7}.Release|Any CPU.ActiveCfg = Release|Any CPU
		{A9C7E127-D1B0-45F6-9215-196636D3B3D7}.Release|Any CPU.Build.0 = Release|Any CPU
	EndGlobalSection
	GlobalSection(SolutionProperties) = preSolution
		HideSolutionNode = FALSE
	EndGlobalSection
	GlobalSection(ExtensibilityGlobals) = postSolution
		SolutionGuid = {74F70B39-F294-4F67-8296-C167B17D50FC}
	EndGlobalSection
EndGlobal
